
Microsoft Visual Studio Solution File, Format Version 12.00
# Visual Studio Version 17
VisualStudioVersion = 17.0.31903.59
MinimumVisualStudioVersion = 10.0.40219.1
Project("{2150E333-8FDC-42A3-9474-1A3956D46DE8}") = "src", "src", "{91968B5A-4347-46ED-9B80-12B4A91086E2}"
EndProject
Project("{FAE04EC0-301F-11D3-BF4B-00C04F79EFBC}") = "HuTao.Bridge", "src\HuTao.Bridge\HuTao.Bridge.csproj", "{8DCD8951-9BCB-43AF-BCD7-BFEA78D9148C}"
EndProject
Project("{FAE04EC0-301F-11D3-BF4B-00C04F79EFBC}") = "HuTao.Dialogue", "src\HuTao.Dialogue\HuTao.Dialogue.csproj", "{F229B5DC-D619-4F72-8677-3EC9D50E37A3}"
EndProject
Project("{FAE04EC0-301F-11D3-BF4B-00C04F79EFBC}") = "HuTao.Foundation", "src\HuTao.Foundation\HuTao.Foundation.csproj", "{8563644D-359A-46B0-A2E2-F437E9441DF8}"
EndProject
Project("{FAE04EC0-301F-11D3-BF4B-00C04F79EFBC}") = "HuTao.Knowledge", "src\HuTao.Knowledge\HuTao.Knowledge.csproj", "{E7F9F5C9-4F0E-43B0-82C7-3BB7B9DE70D0}"
EndProject
Project("{FAE04EC0-301F-11D3-BF4B-00C04F79EFBC}") = "HuTao.Persona", "src\HuTao.Persona\HuTao.Persona.csproj", "{4C6D79E6-C592-4383-A568-773A8599E8FF}"
EndProject
Project("{FAE04EC0-301F-11D3-BF4B-00C04F79EFBC}") = "HuTao.Voice", "src\HuTao.Voice\HuTao.Voice.csproj", "{97E2E012-E494-4E7F-90B9-C72DB2FB2C42}"
EndProject
Project("{2150E333-8FDC-42A3-9474-1A3956D46DE8}") = "hosts", "hosts", "{D823283A-A528-45CB-946E-ABE02C408986}"
EndProject
Project("{FAE04EC0-301F-11D3-BF4B-00C04F79EFBC}") = "HuTao.Agent.Host", "hosts\HuTao.Host\HuTao.Agent.Host.csproj", "{7AD7E205-6199-47C5-9EAA-AC3F085B56D8}"
EndProject
Project("{FAE04EC0-301F-11D3-BF4B-00C04F79EFBC}") = "HuTao.Pet", "hosts\HuTao.Pet\HuTao.Pet.csproj", "{433A53C0-E1A4-4D8B-A942-64B60BC05C14}"
EndProject
Project("{2150E333-8FDC-42A3-9474-1A3956D46DE8}") = "tests", "tests", "{46CC88F3-A42A-4905-A9CF-AD8D3E32BD79}"
EndProject
Project("{FAE04EC0-301F-11D3-BF4B-00C04F79EFBC}") = "HuTao.StoryRag.Eval", "tests\HuTao.StoryRag.Eval\HuTao.StoryRag.Eval.csproj", "{39710BB0-12F3-41B6-A893-2EC8C60E1E54}"
EndProject
Global
	GlobalSection(SolutionConfigurationPlatforms) = preSolution
		Debug|Any CPU = Debug|Any CPU
		Release|Any CPU = Release|Any CPU
	EndGlobalSection
	GlobalSection(SolutionProperties) = preSolution
		HideSolutionNode = FALSE
	EndGlobalSection
	GlobalSection(ProjectConfigurationPlatforms) = postSolution
		{8DCD8951-9BCB-43AF-BCD7-BFEA78D9148C}.Debug|Any CPU.ActiveCfg = Debug|Any CPU
		{8DCD8951-9BCB-43AF-BCD7-BFEA78D9148C}.Debug|Any CPU.Build.0 = Debug|Any CPU
		{8DCD8951-9BCB-43AF-BCD7-BFEA78D9148C}.Release|Any CPU.ActiveCfg = Release|Any CPU
		{8DCD8951-9BCB-43AF-BCD7-BFEA78D9148C}.Release|Any CPU.Build.0 = Release|Any CPU
		{F229B5DC-D619-4F72-8677-3EC9D50E37A3}.Debug|Any CPU.ActiveCfg = Debug|Any CPU
		{F229B5DC-D619-4F72-8677-3EC9D50E37A3}.Debug|Any CPU.Build.0 = Debug|Any CPU
		{F229B5DC-D619-4F72-8677-3EC9D50E37A3}.Release|Any CPU.ActiveCfg = Release|Any CPU
		{F229B5DC-D619-4F72-8677-3EC9D50E37A3}.Release|Any CPU.Build.0 = Release|Any CPU
		{8563644D-359A-46B0-A2E2-F437E9441DF8}.Debug|Any CPU.ActiveCfg = Debug|Any CPU
		{8563644D-359A-46B0-A2E2-F437E9441DF8}.Debug|Any CPU.Build.0 = Debug|Any CPU
		{8563644D-359A-46B0-A2E2-F437E9441DF8}.Release|Any CPU.ActiveCfg = Release|Any CPU
		{8563644D-359A-46B0-A2E2-F437E9441DF8}.Release|Any CPU.Build.0 = Release|Any CPU
		{E7F9F5C9-4F0E-43B0-82C7-3BB7B9DE70D0}.Debug|Any CPU.ActiveCfg = Debug|Any CPU
		{E7F9F5C9-4F0E-43B0-82C7-3BB7B9DE70D0}.Debug|Any CPU.Build.0 = Debug|Any CPU
		{E7F9F5C9-4F0E-43B0-82C7-3BB7B9DE70D0}.Release|Any CPU.ActiveCfg = Release|Any CPU
		{E7F9F5C9-4F0E-43B0-82C7-3BB7B9DE70D0}.Release|Any CPU.Build.0 = Release|Any CPU
		{4C6D79E6-C592-4383-A568-773A8599E8FF}.Debug|Any CPU.ActiveCfg = Debug|Any CPU
		{4C6D79E6-C592-4383-A568-773A8599E8FF}.Debug|Any CPU.Build.0 = Debug|Any CPU
		{4C6D79E6-C592-4383-A568-773A8599E8FF}.Release|Any CPU.ActiveCfg = Release|Any CPU
		{4C6D79E6-C592-4383-A568-773A8599E8FF}.Release|Any CPU.Build.0 = Release|Any CPU
		{97E2E012-E494-4E7F-90B9-C72DB2FB2C42}.Debug|Any CPU.ActiveCfg = Debug|Any CPU
		{97E2E012-E494-4E7F-90B9-C72DB2FB2C42}.Debug|Any CPU.Build.0 = Debug|Any CPU
		{97E2E012-E494-4E7F-90B9-C72DB2FB2C42}.Release|Any CPU.ActiveCfg = Release|Any CPU
		{97E2E012-E494-4E7F-90B9-C72DB2FB2C42}.Release|Any CPU.Build.0 = Release|Any CPU
		{7AD7E205-6199-47C5-9EAA-AC3F085B56D8}.Debug|Any CPU.ActiveCfg = Debug|Any CPU
		{7AD7E205-6199-47C5-9EAA-AC3F085B56D8}.Debug|Any CPU.Build.0 = Debug|Any CPU
		{7AD7E205-6199-47C5-9EAA-AC3F085B56D8}.Release|Any CPU.ActiveCfg = Release|Any CPU
		{7AD7E205-6199-47C5-9EAA-AC3F085B56D8}.Release|Any CPU.Build.0 = Release|Any CPU
		{433A53C0-E1A4-4D8B-A942-64B60BC05C14}.Debug|Any CPU.ActiveCfg = Debug|Any CPU
		{433A53C0-E1A4-4D8B-A942-64B60BC05C14}.Debug|Any CPU.Build.0 = Debug|Any CPU
		{433A53C0-E1A4-4D8B-A942-64B60BC05C14}.Release|Any CPU.ActiveCfg = Release|Any CPU
		{433A53C0-E1A4-4D8B-A942-64B60BC05C14}.Release|Any CPU.Build.0 = Release|Any CPU
		{39710BB0-12F3-41B6-A893-2EC8C60E1E54}.Debug|Any CPU.ActiveCfg = Debug|Any CPU
		{39710BB0-12F3-41B6-A893-2EC8C60E1E54}.Debug|Any CPU.Build.0 = Debug|Any CPU
		{39710BB0-12F3-41B6-A893-2EC8C60E1E54}.Release|Any CPU.ActiveCfg = Release|Any CPU
		{39710BB0-12F3-41B6-A893-2EC8C60E1E54}.Release|Any CPU.Build.0 = Release|Any CPU
	EndGlobalSection
	GlobalSection(NestedProjects) = preSolution
		{8DCD8951-9BCB-43AF-BCD7-BFEA78D9148C} = {91968B5A-4347-46ED-9B80-12B4A91086E2}
		{F229B5DC-D619-4F72-8677-3EC9D50E37A3} = {91968B5A-4347-46ED-9B80-12B4A91086E2}
		{8563644D-359A-46B0-A2E2-F437E9441DF8} = {91968B5A-4347-46ED-9B80-12B4A91086E2}
		{E7F9F5C9-4F0E-43B0-82C7-3BB7B9DE70D0} = {91968B5A-4347-46ED-9B80-12B4A91086E2}
		{4C6D79E6-C592-4383-A568-773A8599E8FF} = {91968B5A-4347-46ED-9B80-12B4A91086E2}
		{97E2E012-E494-4E7F-90B9-C72DB2FB2C42} = {91968B5A-4347-46ED-9B80-12B4A91086E2}
		{7AD7E205-6199-47C5-9EAA-AC3F085B56D8} = {D823283A-A528-45CB-946E-ABE02C408986}
		{433A53C0-E1A4-4D8B-A942-64B60BC05C14} = {D823283A-A528-45CB-946E-ABE02C408986}
		{39710BB0-12F3-41B6-A893-2EC8C60E1E54} = {46CC88F3-A42A-4905-A9CF-AD8D3E32BD79}
	EndGlobalSection
EndGlobal
