
Microsoft Visual Studio Solution File, Format Version 12.00
# Visual Studio Version 17
VisualStudioVersion = 17.0.31903.59
MinimumVisualStudioVersion = 10.0.40219.1
Project("{2150E333-8FDC-42A3-9474-1A3956D46DE8}") = "src", "src", "{A8B81C0A-D32E-4656-AB72-1A57F20E8F79}"
EndProject
Project("{FAE04EC0-301F-11D3-BF4B-00C04F79EFBC}") = "HuTao.Agent.Core", "src\HuTao.Agent.Core\HuTao.Agent.Core.csproj", "{B30A15CB-8409-4BE4-9152-5FEEB94125A0}"
EndProject
Project("{FAE04EC0-301F-11D3-BF4B-00C04F79EFBC}") = "HuTao.Agent.Host", "src\HuTao.Agent.Host\HuTao.Agent.Host.csproj", "{EBE99607-3FE3-4AAF-A54C-2C4CA102245C}"
EndProject
Global
	GlobalSection(SolutionConfigurationPlatforms) = preSolution
		Debug|Any CPU = Debug|Any CPU
		Release|Any CPU = Release|Any CPU
	EndGlobalSection
	GlobalSection(SolutionProperties) = preSolution
		HideSolutionNode = FALSE
	EndGlobalSection
	GlobalSection(ProjectConfigurationPlatforms) = postSolution
		{B30A15CB-8409-4BE4-9152-5FEEB94125A0}.Debug|Any CPU.ActiveCfg = Debug|Any CPU
		{B30A15CB-8409-4BE4-9152-5FEEB94125A0}.Debug|Any CPU.Build.0 = Debug|Any CPU
		{B30A15CB-8409-4BE4-9152-5FEEB94125A0}.Release|Any CPU.ActiveCfg = Release|Any CPU
		{B30A15CB-8409-4BE4-9152-5FEEB94125A0}.Release|Any CPU.Build.0 = Release|Any CPU
		{EBE99607-3FE3-4AAF-A54C-2C4CA102245C}.Debug|Any CPU.ActiveCfg = Debug|Any CPU
		{EBE99607-3FE3-4AAF-A54C-2C4CA102245C}.Debug|Any CPU.Build.0 = Debug|Any CPU
		{EBE99607-3FE3-4AAF-A54C-2C4CA102245C}.Release|Any CPU.ActiveCfg = Release|Any CPU
		{EBE99607-3FE3-4AAF-A54C-2C4CA102245C}.Release|Any CPU.Build.0 = Release|Any CPU
	EndGlobalSection
	GlobalSection(NestedProjects) = preSolution
		{B30A15CB-8409-4BE4-9152-5FEEB94125A0} = {A8B81C0A-D32E-4656-AB72-1A57F20E8F79}
		{EBE99607-3FE3-4AAF-A54C-2C4CA102245C} = {A8B81C0A-D32E-4656-AB72-1A57F20E8F79}
	EndGlobalSection
EndGlobal
